
Microsoft Visual Studio Solution File, Format Version 12.00
# Visual Studio Version 17
VisualStudioVersion = 17.5.33627.172
MinimumVisualStudioVersion = 10.0.40219.1
Project("{888888A0-9F3D-457C-B088-3A5042F75D52}") = "Movie Guide Part 1", "Movie Guide Part 1.pyproj", "{1BCFBC6F-137E-458F-A0E9-F36FD3CDB9D8}"
EndProject
Global
	GlobalSection(SolutionConfigurationPlatforms) = preSolution
		Debug|Any CPU = Debug|Any CPU
		Release|Any CPU = Release|Any CPU
	EndGlobalSection
	GlobalSection(ProjectConfigurationPlatforms) = postSolution
		{1BCFBC6F-137E-458F-A0E9-F36FD3CDB9D8}.Debug|Any CPU.ActiveCfg = Debug|Any CPU
		{1BCFBC6F-137E-458F-A0E9-F36FD3CDB9D8}.Release|Any CPU.ActiveCfg = Release|Any CPU
	EndGlobalSection
	GlobalSection(SolutionProperties) = preSolution
		HideSolutionNode = FALSE
	EndGlobalSection
	GlobalSection(ExtensibilityGlobals) = postSolution
		SolutionGuid = {6B86A790-35EF-4544-B85E-648C7FF00616}
	EndGlobalSection
EndGlobal
